// !$*UTF8*$!
{
	archiveVersion = 1;
	classes = {
	};
	objectVersion = 46;
	objects = {

/* Begin PBXBuildFile section */
		38F66E538BA11F9AE8C3C26E /* libPods-ZXWFreezedScrollViewTests.a in Frameworks */ = {isa = PBXBuildFile; fileRef = C683504FFBAECD2A15181889 /* libPods-ZXWFreezedScrollViewTests.a */; };
		60C10E905A919D58685DFC1E /* libPods-ZXWFreezedScrollViewUITests.a in Frameworks */ = {isa = PBXBuildFile; fileRef = 33628423ED0B9AA213CC82AB /* libPods-ZXWFreezedScrollViewUITests.a */; };
		622C02298661D34D03300460 /* libPods-ZXWFreezedScrollView.a in Frameworks */ = {isa = PBXBuildFile; fileRef = ABAF52943C8F2BEBB1EFA117 /* libPods-ZXWFreezedScrollView.a */; };
		EB19E44B1DD4134A00817518 /* main.m in Sources */ = {isa = PBXBuildFile; fileRef = EB19E44A1DD4134A00817518 /* main.m */; };
		EB19E44E1DD4134A00817518 /* AppDelegate.m in Sources */ = {isa = PBXBuildFile; fileRef = EB19E44D1DD4134A00817518 /* AppDelegate.m */; };
		EB19E4511DD4134A00817518 /* ViewController.m in Sources */ = {isa = PBXBuildFile; fileRef = EB19E4501DD4134A00817518 /* ViewController.m */; };
		EB19E4541DD4134A00817518 /* Main.storyboard in Resources */ = {isa = PBXBuildFile; fileRef = EB19E4521DD4134A00817518 /* Main.storyboard */; };
		EB19E4561DD4134A00817518 /* Assets.xcassets in Resources */ = {isa = PBXBuildFile; fileRef = EB19E4551DD4134A00817518 /* Assets.xcassets */; };
		EB19E4591DD4134A00817518 /* LaunchScreen.storyboard in Resources */ = {isa = PBXBuildFile; fileRef = EB19E4571DD4134A00817518 /* LaunchScreen.storyboard */; };
		EB19E4641DD4134A00817518 /* ZXWFreezedScrollViewTests.m in Sources */ = {isa = PBXBuildFile; fileRef = EB19E4631DD4134A00817518 /* ZXWFreezedScrollViewTests.m */; };
		EB19E46F1DD4134A00817518 /* ZXWFreezedScrollViewUITests.m in Sources */ = {isa = PBXBuildFile; fileRef = EB19E46E1DD4134A00817518 /* ZXWFreezedScrollViewUITests.m */; };
		EB19E47E1DD4137E00817518 /* ZXWScrollView.m in Sources */ = {isa = PBXBuildFile; fileRef = EB19E47D1DD4137E00817518 /* ZXWScrollView.m */; };
		EB19E4811DD4145800817518 /* ZXWFreezedScrollView.m in Sources */ = {isa = PBXBuildFile; fileRef = EB19E4801DD4145800817518 /* ZXWFreezedScrollView.m */; };
		EB19E4841DD452CA00817518 /* IgnoreHeaderTableView.m in Sources */ = {isa = PBXBuildFile; fileRef = EB19E4831DD452CA00817518 /* IgnoreHeaderTableView.m */; };
		EB19E48B1DD5A8BA00817518 /* back.jpg in Resources */ = {isa = PBXBuildFile; fileRef = EB19E4891DD5A8BA00817518 /* back.jpg */; };
		EB19E48C1DD5A8BA00817518 /* cube.jpg in Resources */ = {isa = PBXBuildFile; fileRef = EB19E48A1DD5A8BA00817518 /* cube.jpg */; };
/* End PBXBuildFile section */

/* Begin PBXContainerItemProxy section */
		EB19E4601DD4134A00817518 /* PBXContainerItemProxy */ = {
			isa = PBXContainerItemProxy;
			containerPortal = EB19E43E1DD4134A00817518 /* Project object */;
			proxyType = 1;
			remoteGlobalIDString = EB19E4451DD4134A00817518;
			remoteInfo = ZXWFreezedScrollView;
		};
		EB19E46B1DD4134A00817518 /* PBXContainerItemProxy */ = {
			isa = PBXContainerItemProxy;
			containerPortal = EB19E43E1DD4134A00817518 /* Project object */;
			proxyType = 1;
			remoteGlobalIDString = EB19E4451DD4134A00817518;
			remoteInfo = ZXWFreezedScrollView;
		};
/* End PBXContainerItemProxy section */

/* Begin PBXFileReference section */
		07631656D6FA02859D8BB44F /* Pods-ZXWFreezedScrollView.release.xcconfig */ = {isa = PBXFileReference; includeInIndex = 1; lastKnownFileType = text.xcconfig; name = "Pods-ZXWFreezedScrollView.release.xcconfig"; path = "Pods/Target Support Files/Pods-ZXWFreezedScrollView/Pods-ZXWFreezedScrollView.release.xcconfig"; sourceTree = "<group>"; };
		33628423ED0B9AA213CC82AB /* libPods-ZXWFreezedScrollViewUITests.a */ = {isa = PBXFileReference; explicitFileType = archive.ar; includeInIndex = 0; path = "libPods-ZXWFreezedScrollViewUITests.a"; sourceTree = BUILT_PRODUCTS_DIR; };
		39388EE644D5A517DF6AADF3 /* Pods-ZXWFreezedScrollView.debug.xcconfig */ = {isa = PBXFileReference; includeInIndex = 1; lastKnownFileType = text.xcconfig; name = "Pods-ZXWFreezedScrollView.debug.xcconfig"; path = "Pods/Target Support Files/Pods-ZXWFreezedScrollView/Pods-ZXWFreezedScrollView.debug.xcconfig"; sourceTree = "<group>"; };
		91D30693E7ED524057B97D79 /* Pods-ZXWFreezedScrollViewUITests.release.xcconfig */ = {isa = PBXFileReference; includeInIndex = 1; lastKnownFileType = text.xcconfig; name = "Pods-ZXWFreezedScrollViewUITests.release.xcconfig"; path = "Pods/Target Support Files/Pods-ZXWFreezedScrollViewUITests/Pods-ZXWFreezedScrollViewUITests.release.xcconfig"; sourceTree = "<group>"; };
		ABAF52943C8F2BEBB1EFA117 /* libPods-ZXWFreezedScrollView.a */ = {isa = PBXFileReference; explicitFileType = archive.ar; includeInIndex = 0; path = "libPods-ZXWFreezedScrollView.a"; sourceTree = BUILT_PRODUCTS_DIR; };
		AE6179DAD6F62FED74DD250B /* Pods-ZXWFreezedScrollViewTests.debug.xcconfig */ = {isa = PBXFileReference; includeInIndex = 1; lastKnownFileType = text.xcconfig; name = "Pods-ZXWFreezedScrollViewTests.debug.xcconfig"; path = "Pods/Target Support Files/Pods-ZXWFreezedScrollViewTests/Pods-ZXWFreezedScrollViewTests.debug.xcconfig"; sourceTree = "<group>"; };
		C4EF51E33B7F7870AC3A6936 /* Pods-ZXWFreezedScrollViewTests.release.xcconfig */ = {isa = PBXFileReference; includeInIndex = 1; lastKnownFileType = text.xcconfig; name = "Pods-ZXWFreezedScrollViewTests.release.xcconfig"; path = "Pods/Target Support Files/Pods-ZXWFreezedScrollViewTests/Pods-ZXWFreezedScrollViewTests.release.xcconfig"; sourceTree = "<group>"; };
		C683504FFBAECD2A15181889 /* libPods-ZXWFreezedScrollViewTests.a */ = {isa = PBXFileReference; explicitFileType = archive.ar; includeInIndex = 0; path = "libPods-ZXWFreezedScrollViewTests.a"; sourceTree = BUILT_PRODUCTS_DIR; };
		DFB8E9B8B2296F35A228C4A3 /* Pods-ZXWFreezedScrollViewUITests.debug.xcconfig */ = {isa = PBXFileReference; includeInIndex = 1; lastKnownFileType = text.xcconfig; name = "Pods-ZXWFreezedScrollViewUITests.debug.xcconfig"; path = "Pods/Target Support Files/Pods-ZXWFreezedScrollViewUITests/Pods-ZXWFreezedScrollViewUITests.debug.xcconfig"; sourceTree = "<group>"; };
		EB19E4461DD4134A00817518 /* ZXWFreezedScrollView.app */ = {isa = PBXFileReference; explicitFileType = wrapper.application; includeInIndex = 0; path = ZXWFreezedScrollView.app; sourceTree = BUILT_PRODUCTS_DIR; };
		EB19E44A1DD4134A00817518 /* main.m */ = {isa = PBXFileReference; lastKnownFileType = sourcecode.c.objc; path = main.m; sourceTree = "<group>"; };
		EB19E44C1DD4134A00817518 /* AppDelegate.h */ = {isa = PBXFileReference; lastKnownFileType = sourcecode.c.h; path = AppDelegate.h; sourceTree = "<group>"; };
		EB19E44D1DD4134A00817518 /* AppDelegate.m */ = {isa = PBXFileReference; lastKnownFileType = sourcecode.c.objc; path = AppDelegate.m; sourceTree = "<group>"; };
		EB19E44F1DD4134A00817518 /* ViewController.h */ = {isa = PBXFileReference; lastKnownFileType = sourcecode.c.h; path = ViewController.h; sourceTree = "<group>"; };
		EB19E4501DD4134A00817518 /* ViewController.m */ = {isa = PBXFileReference; lastKnownFileType = sourcecode.c.objc; path = ViewController.m; sourceTree = "<group>"; };
		EB19E4531DD4134A00817518 /* Base */ = {isa = PBXFileReference; lastKnownFileType = file.storyboard; name = Base; path = Base.lproj/Main.storyboard; sourceTree = "<group>"; };
		EB19E4551DD4134A00817518 /* Assets.xcassets */ = {isa = PBXFileReference; lastKnownFileType = folder.assetcatalog; path = Assets.xcassets; sourceTree = "<group>"; };
		EB19E4581DD4134A00817518 /* Base */ = {isa = PBXFileReference; lastKnownFileType = file.storyboard; name = Base; path = Base.lproj/LaunchScreen.storyboard; sourceTree = "<group>"; };
		EB19E45A1DD4134A00817518 /* Info.plist */ = {isa = PBXFileReference; lastKnownFileType = text.plist.xml; path = Info.plist; sourceTree = "<group>"; };
		EB19E45F1DD4134A00817518 /* ZXWFreezedScrollViewTests.xctest */ = {isa = PBXFileReference; explicitFileType = wrapper.cfbundle; includeInIndex = 0; path = ZXWFreezedScrollViewTests.xctest; sourceTree = BUILT_PRODUCTS_DIR; };
		EB19E4631DD4134A00817518 /* ZXWFreezedScrollViewTests.m */ = {isa = PBXFileReference; lastKnownFileType = sourcecode.c.objc; path = ZXWFreezedScrollViewTests.m; sourceTree = "<group>"; };
		EB19E4651DD4134A00817518 /* Info.plist */ = {isa = PBXFileReference; lastKnownFileType = text.plist.xml; path = Info.plist; sourceTree = "<group>"; };
		EB19E46A1DD4134A00817518 /* ZXWFreezedScrollViewUITests.xctest */ = {isa = PBXFileReference; explicitFileType = wrapper.cfbundle; includeInIndex = 0; path = ZXWFreezedScrollViewUITests.xctest; sourceTree = BUILT_PRODUCTS_DIR; };
		EB19E46E1DD4134A00817518 /* ZXWFreezedScrollViewUITests.m */ = {isa = PBXFileReference; lastKnownFileType = sourcecode.c.objc; path = ZXWFreezedScrollViewUITests.m; sourceTree = "<group>"; };
		EB19E4701DD4134A00817518 /* Info.plist */ = {isa = PBXFileReference; lastKnownFileType = text.plist.xml; path = Info.plist; sourceTree = "<group>"; };
		EB19E47C1DD4137E00817518 /* ZXWScrollView.h */ = {isa = PBXFileReference; fileEncoding = 4; lastKnownFileType = sourcecode.c.h; path = ZXWScrollView.h; sourceTree = "<group>"; };
		EB19E47D1DD4137E00817518 /* ZXWScrollView.m */ = {isa = PBXFileReference; fileEncoding = 4; lastKnownFileType = sourcecode.c.objc; path = ZXWScrollView.m; sourceTree = "<group>"; };
		EB19E47F1DD4145800817518 /* ZXWFreezedScrollView.h */ = {isa = PBXFileReference; fileEncoding = 4; lastKnownFileType = sourcecode.c.h; path = ZXWFreezedScrollView.h; sourceTree = "<group>"; };
		EB19E4801DD4145800817518 /* ZXWFreezedScrollView.m */ = {isa = PBXFileReference; fileEncoding = 4; lastKnownFileType = sourcecode.c.objc; path = ZXWFreezedScrollView.m; sourceTree = "<group>"; };
		EB19E4821DD452CA00817518 /* IgnoreHeaderTableView.h */ = {isa = PBXFileReference; fileEncoding = 4; lastKnownFileType = sourcecode.c.h; path = IgnoreHeaderTableView.h; sourceTree = "<group>"; };
		EB19E4831DD452CA00817518 /* IgnoreHeaderTableView.m */ = {isa = PBXFileReference; fileEncoding = 4; lastKnownFileType = sourcecode.c.objc; path = IgnoreHeaderTableView.m; sourceTree = "<group>"; };
		EB19E4891DD5A8BA00817518 /* back.jpg */ = {isa = PBXFileReference; lastKnownFileType = image.jpeg; path = back.jpg; sourceTree = "<group>"; };
		EB19E48A1DD5A8BA00817518 /* cube.jpg */ = {isa = PBXFileReference; lastKnownFileType = image.jpeg; path = cube.jpg; sourceTree = "<group>"; };
/* End PBXFileReference section */

/* Begin PBXFrameworksBuildPhase section */
		EB19E4431DD4134A00817518 /* Frameworks */ = {
			isa = PBXFrameworksBuildPhase;
			buildActionMask = 2147483647;
			files = (
				622C02298661D34D03300460 /* libPods-ZXWFreezedScrollView.a in Frameworks */,
			);
			runOnlyForDeploymentPostprocessing = 0;
		};
		EB19E45C1DD4134A00817518 /* Frameworks */ = {
			isa = PBXFrameworksBuildPhase;
			buildActionMask = 2147483647;
			files = (
				38F66E538BA11F9AE8C3C26E /* libPods-ZXWFreezedScrollViewTests.a in Frameworks */,
			);
			runOnlyForDeploymentPostprocessing = 0;
		};
		EB19E4671DD4134A00817518 /* Frameworks */ = {
			isa = PBXFrameworksBuildPhase;
			buildActionMask = 2147483647;
			files = (
				60C10E905A919D58685DFC1E /* libPods-ZXWFreezedScrollViewUITests.a in Frameworks */,
			);
			runOnlyForDeploymentPostprocessing = 0;
		};
/* End PBXFrameworksBuildPhase section */

/* Begin PBXGroup section */
		0785EF2C0860D23699A38200 /* Pods */ = {
			isa = PBXGroup;
			children = (
				39388EE644D5A517DF6AADF3 /* Pods-ZXWFreezedScrollView.debug.xcconfig */,
				07631656D6FA02859D8BB44F /* Pods-ZXWFreezedScrollView.release.xcconfig */,
				AE6179DAD6F62FED74DD250B /* Pods-ZXWFreezedScrollViewTests.debug.xcconfig */,
				C4EF51E33B7F7870AC3A6936 /* Pods-ZXWFreezedScrollViewTests.release.xcconfig */,
				DFB8E9B8B2296F35A228C4A3 /* Pods-ZXWFreezedScrollViewUITests.debug.xcconfig */,
				91D30693E7ED524057B97D79 /* Pods-ZXWFreezedScrollViewUITests.release.xcconfig */,
			);
			name = Pods;
			sourceTree = "<group>";
		};
		BDE48DC67F033FF23F1BB845 /* Frameworks */ = {
			isa = PBXGroup;
			children = (
				ABAF52943C8F2BEBB1EFA117 /* libPods-ZXWFreezedScrollView.a */,
				C683504FFBAECD2A15181889 /* libPods-ZXWFreezedScrollViewTests.a */,
				33628423ED0B9AA213CC82AB /* libPods-ZXWFreezedScrollViewUITests.a */,
			);
			name = Frameworks;
			sourceTree = "<group>";
		};
		EB19E43D1DD4134A00817518 = {
			isa = PBXGroup;
			children = (
				EB19E4481DD4134A00817518 /* ZXWFreezedScrollView */,
				EB19E4621DD4134A00817518 /* ZXWFreezedScrollViewTests */,
				EB19E46D1DD4134A00817518 /* ZXWFreezedScrollViewUITests */,
				EB19E4471DD4134A00817518 /* Products */,
				0785EF2C0860D23699A38200 /* Pods */,
				BDE48DC67F033FF23F1BB845 /* Frameworks */,
			);
			sourceTree = "<group>";
		};
		EB19E4471DD4134A00817518 /* Products */ = {
			isa = PBXGroup;
			children = (
				EB19E4461DD4134A00817518 /* ZXWFreezedScrollView.app */,
				EB19E45F1DD4134A00817518 /* ZXWFreezedScrollViewTests.xctest */,
				EB19E46A1DD4134A00817518 /* ZXWFreezedScrollViewUITests.xctest */,
			);
			name = Products;
			sourceTree = "<group>";
		};
		EB19E4481DD4134A00817518 /* ZXWFreezedScrollView */ = {
			isa = PBXGroup;
			children = (
				EB19E4891DD5A8BA00817518 /* back.jpg */,
				EB19E48A1DD5A8BA00817518 /* cube.jpg */,
				EB19E44C1DD4134A00817518 /* AppDelegate.h */,
				EB19E44D1DD4134A00817518 /* AppDelegate.m */,
				EB19E44F1DD4134A00817518 /* ViewController.h */,
				EB19E4501DD4134A00817518 /* ViewController.m */,
				EB19E4521DD4134A00817518 /* Main.storyboard */,
				EB19E4551DD4134A00817518 /* Assets.xcassets */,
				EB19E4571DD4134A00817518 /* LaunchScreen.storyboard */,
				EB19E45A1DD4134A00817518 /* Info.plist */,
				EB19E4491DD4134A00817518 /* Supporting Files */,
				EB19E47C1DD4137E00817518 /* ZXWScrollView.h */,
				EB19E47D1DD4137E00817518 /* ZXWScrollView.m */,
				EB19E47F1DD4145800817518 /* ZXWFreezedScrollView.h */,
				EB19E4801DD4145800817518 /* ZXWFreezedScrollView.m */,
				EB19E4821DD452CA00817518 /* IgnoreHeaderTableView.h */,
				EB19E4831DD452CA00817518 /* IgnoreHeaderTableView.m */,
			);
			path = ZXWFreezedScrollView;
			sourceTree = "<group>";
		};
		EB19E4491DD4134A00817518 /* Supporting Files */ = {
			isa = PBXGroup;
			children = (
				EB19E44A1DD4134A00817518 /* main.m */,
			);
			name = "Supporting Files";
			sourceTree = "<group>";
		};
		EB19E4621DD4134A00817518 /* ZXWFreezedScrollViewTests */ = {
			isa = PBXGroup;
			children = (
				EB19E4631DD4134A00817518 /* ZXWFreezedScrollViewTests.m */,
				EB19E4651DD4134A00817518 /* Info.plist */,
			);
			path = ZXWFreezedScrollViewTests;
			sourceTree = "<group>";
		};
		EB19E46D1DD4134A00817518 /* ZXWFreezedScrollViewUITests */ = {
			isa = PBXGroup;
			children = (
				EB19E46E1DD4134A00817518 /* ZXWFreezedScrollViewUITests.m */,
				EB19E4701DD4134A00817518 /* Info.plist */,
			);
			path = ZXWFreezedScrollViewUITests;
			sourceTree = "<group>";
		};
/* End PBXGroup section */

/* Begin PBXNativeTarget section */
		EB19E4451DD4134A00817518 /* ZXWFreezedScrollView */ = {
			isa = PBXNativeTarget;
			buildConfigurationList = EB19E4731DD4134A00817518 /* Build configuration list for PBXNativeTarget "ZXWFreezedScrollView" */;
			buildPhases = (
				6C4D63A02EFDE1A211D0BED9 /* [CP] Check Pods Manifest.lock */,
				EB19E4421DD4134A00817518 /* Sources */,
				EB19E4431DD4134A00817518 /* Frameworks */,
				EB19E4441DD4134A00817518 /* Resources */,
				A123F45312BA33E8BBA7D141 /* [CP] Embed Pods Frameworks */,
				511E4C079CEDEBDBA52AE14C /* [CP] Copy Pods Resources */,
			);
			buildRules = (
			);
			dependencies = (
			);
			name = ZXWFreezedScrollView;
			productName = ZXWFreezedScrollView;
			productReference = EB19E4461DD4134A00817518 /* ZXWFreezedScrollView.app */;
			productType = "com.apple.product-type.application";
		};
		EB19E45E1DD4134A00817518 /* ZXWFreezedScrollViewTests */ = {
			isa = PBXNativeTarget;
			buildConfigurationList = EB19E4761DD4134A00817518 /* Build configuration list for PBXNativeTarget "ZXWFreezedScrollViewTests" */;
			buildPhases = (
				648029D47A4B1E225078DB98 /* [CP] Check Pods Manifest.lock */,
				EB19E45B1DD4134A00817518 /* Sources */,
				EB19E45C1DD4134A00817518 /* Frameworks */,
				EB19E45D1DD4134A00817518 /* Resources */,
				1FE4B8F32642B9E089727963 /* [CP] Embed Pods Frameworks */,
				CD022747ABE80EFD76BFC475 /* [CP] Copy Pods Resources */,
			);
			buildRules = (
			);
			dependencies = (
				EB19E4611DD4134A00817518 /* PBXTargetDependency */,
			);
			name = ZXWFreezedScrollViewTests;
			productName = ZXWFreezedScrollViewTests;
			productReference = EB19E45F1DD4134A00817518 /* ZXWFreezedScrollViewTests.xctest */;
			productType = "com.apple.product-type.bundle.unit-test";
		};
		EB19E4691DD4134A00817518 /* ZXWFreezedScrollViewUITests */ = {
			isa = PBXNativeTarget;
			buildConfigurationList = EB19E4791DD4134A00817518 /* Build configuration list for PBXNativeTarget "ZXWFreezedScrollViewUITests" */;
			buildPhases = (
				50F246FC43CCFEF02A8FE9C3 /* [CP] Check Pods Manifest.lock */,
				EB19E4661DD4134A00817518 /* Sources */,
				EB19E4671DD4134A00817518 /* Frameworks */,
				EB19E4681DD4134A00817518 /* Resources */,
				4FEEA459FA3224E06E870325 /* [CP] Copy Pods Resources */,
			);
			buildRules = (
			);
			dependencies = (
				EB19E46C1DD4134A00817518 /* PBXTargetDependency */,
			);
			name = ZXWFreezedScrollViewUITests;
			productName = ZXWFreezedScrollViewUITests;
			productReference = EB19E46A1DD4134A00817518 /* ZXWFreezedScrollViewUITests.xctest */;
			productType = "com.apple.product-type.bundle.ui-testing";
		};
/* End PBXNativeTarget section */

/* Begin PBXProject section */
		EB19E43E1DD4134A00817518 /* Project object */ = {
			isa = PBXProject;
			attributes = {
				LastUpgradeCheck = 0810;
				ORGANIZATIONNAME = "Zhuang Xiaowei";
				TargetAttributes = {
					EB19E4451DD4134A00817518 = {
						CreatedOnToolsVersion = 8.1;
						DevelopmentTeam = ZC726AK722;
						ProvisioningStyle = Automatic;
					};
					EB19E45E1DD4134A00817518 = {
						CreatedOnToolsVersion = 8.1;
						ProvisioningStyle = Automatic;
						TestTargetID = EB19E4451DD4134A00817518;
					};
					EB19E4691DD4134A00817518 = {
						CreatedOnToolsVersion = 8.1;
						ProvisioningStyle = Automatic;
						TestTargetID = EB19E4451DD4134A00817518;
					};
				};
			};
			buildConfigurationList = EB19E4411DD4134A00817518 /* Build configuration list for PBXProject "ZXWFreezedScrollView" */;
			compatibilityVersion = "Xcode 3.2";
			developmentRegion = English;
			hasScannedForEncodings = 0;
			knownRegions = (
				en,
				Base,
			);
			mainGroup = EB19E43D1DD4134A00817518;
			productRefGroup = EB19E4471DD4134A00817518 /* Products */;
			projectDirPath = "";
			projectRoot = "";
			targets = (
				EB19E4451DD4134A00817518 /* ZXWFreezedScrollView */,
				EB19E45E1DD4134A00817518 /* ZXWFreezedScrollViewTests */,
				EB19E4691DD4134A00817518 /* ZXWFreezedScrollViewUITests */,
			);
		};
/* End PBXProject section */

/* Begin PBXResourcesBuildPhase section */
		EB19E4441DD4134A00817518 /* Resources */ = {
			isa = PBXResourcesBuildPhase;
			buildActionMask = 2147483647;
			files = (
				EB19E4591DD4134A00817518 /* LaunchScreen.storyboard in Resources */,
				EB19E4561DD4134A00817518 /* Assets.xcassets in Resources */,
				EB19E48C1DD5A8BA00817518 /* cube.jpg in Resources */,
				EB19E48B1DD5A8BA00817518 /* back.jpg in Resources */,
				EB19E4541DD4134A00817518 /* Main.storyboard in Resources */,
			);
			runOnlyForDeploymentPostprocessing = 0;
		};
		EB19E45D1DD4134A00817518 /* Resources */ = {
			isa = PBXResourcesBuildPhase;
			buildActionMask = 2147483647;
			files = (
			);
			runOnlyForDeploymentPostprocessing = 0;
		};
		EB19E4681DD4134A00817518 /* Resources */ = {
			isa = PBXResourcesBuildPhase;
			buildActionMask = 2147483647;
			files = (
			);
			runOnlyForDeploymentPostprocessing = 0;
		};
/* End PBXResourcesBuildPhase section */

/* Begin PBXShellScriptBuildPhase section */
		1FE4B8F32642B9E089727963 /* [CP] Embed Pods Frameworks */ = {
			isa = PBXShellScriptBuildPhase;
			buildActionMask = 2147483647;
			files = (
			);
			inputPaths = (
			);
			name = "[CP] Embed Pods Frameworks";
			outputPaths = (
			);
			runOnlyForDeploymentPostprocessing = 0;
			shellPath = /bin/sh;
			shellScript = "\"${SRCROOT}/Pods/Target Support Files/Pods-ZXWFreezedScrollViewTests/Pods-ZXWFreezedScrollViewTests-frameworks.sh\"\n";
			showEnvVarsInLog = 0;
		};
		4FEEA459FA3224E06E870325 /* [CP] Copy Pods Resources */ = {
			isa = PBXShellScriptBuildPhase;
			buildActionMask = 2147483647;
			files = (
			);
			inputPaths = (
			);
			name = "[CP] Copy Pods Resources";
			outputPaths = (
			);
			runOnlyForDeploymentPostprocessing = 0;
			shellPath = /bin/sh;
			shellScript = "\"${SRCROOT}/Pods/Target Support Files/Pods-ZXWFreezedScrollViewUITests/Pods-ZXWFreezedScrollViewUITests-resources.sh\"\n";
			showEnvVarsInLog = 0;
		};
		50F246FC43CCFEF02A8FE9C3 /* [CP] Check Pods Manifest.lock */ = {
			isa = PBXShellScriptBuildPhase;
			buildActionMask = 2147483647;
			files = (
			);
			inputPaths = (
			);
			name = "[CP] Check Pods Manifest.lock";
			outputPaths = (
			);
			runOnlyForDeploymentPostprocessing = 0;
			shellPath = /bin/sh;
			shellScript = "diff \"${PODS_ROOT}/../Podfile.lock\" \"${PODS_ROOT}/Manifest.lock\" > /dev/null\nif [[ $? != 0 ]] ; then\n    cat << EOM\nerror: The sandbox is not in sync with the Podfile.lock. Run 'pod install' or update your CocoaPods installation.\nEOM\n    exit 1\nfi\n";
			showEnvVarsInLog = 0;
		};
		511E4C079CEDEBDBA52AE14C /* [CP] Copy Pods Resources */ = {
			isa = PBXShellScriptBuildPhase;
			buildActionMask = 2147483647;
			files = (
			);
			inputPaths = (
			);
			name = "[CP] Copy Pods Resources";
			outputPaths = (
			);
			runOnlyForDeploymentPostprocessing = 0;
			shellPath = /bin/sh;
			shellScript = "\"${SRCROOT}/Pods/Target Support Files/Pods-ZXWFreezedScrollView/Pods-ZXWFreezedScrollView-resources.sh\"\n";
			showEnvVarsInLog = 0;
		};
		648029D47A4B1E225078DB98 /* [CP] Check Pods Manifest.lock */ = {
			isa = PBXShellScriptBuildPhase;
			buildActionMask = 2147483647;
			files = (
			);
			inputPaths = (
			);
			name = "[CP] Check Pods Manifest.lock";
			outputPaths = (
			);
			runOnlyForDeploymentPostprocessing = 0;
			shellPath = /bin/sh;
			shellScript = "diff \"${PODS_ROOT}/../Podfile.lock\" \"${PODS_ROOT}/Manifest.lock\" > /dev/null\nif [[ $? != 0 ]] ; then\n    cat << EOM\nerror: The sandbox is not in sync with the Podfile.lock. Run 'pod install' or update your CocoaPods installation.\nEOM\n    exit 1\nfi\n";
			showEnvVarsInLog = 0;
		};
		6C4D63A02EFDE1A211D0BED9 /* [CP] Check Pods Manifest.lock */ = {
			isa = PBXShellScriptBuildPhase;
			buildActionMask = 2147483647;
			files = (
			);
			inputPaths = (
			);
			name = "[CP] Check Pods Manifest.lock";
			outputPaths = (
			);
			runOnlyForDeploymentPostprocessing = 0;
			shellPath = /bin/sh;
			shellScript = "diff \"${PODS_ROOT}/../Podfile.lock\" \"${PODS_ROOT}/Manifest.lock\" > /dev/null\nif [[ $? != 0 ]] ; then\n    cat << EOM\nerror: The sandbox is not in sync with the Podfile.lock. Run 'pod install' or update your CocoaPods installation.\nEOM\n    exit 1\nfi\n";
			showEnvVarsInLog = 0;
		};
		A123F45312BA33E8BBA7D141 /* [CP] Embed Pods Frameworks */ = {
			isa = PBXShellScriptBuildPhase;
			buildActionMask = 2147483647;
			files = (
			);
			inputPaths = (
			);
			name = "[CP] Embed Pods Frameworks";
			outputPaths = (
			);
			runOnlyForDeploymentPostprocessing = 0;
			shellPath = /bin/sh;
			shellScript = "\"${SRCROOT}/Pods/Target Support Files/Pods-ZXWFreezedScrollView/Pods-ZXWFreezedScrollView-frameworks.sh\"\n";
			showEnvVarsInLog = 0;
		};
		CD022747ABE80EFD76BFC475 /* [CP] Copy Pods Resources */ = {
			isa = PBXShellScriptBuildPhase;
			buildActionMask = 2147483647;
			files = (
			);
			inputPaths = (
			);
			name = "[CP] Copy Pods Resources";
			outputPaths = (
			);
			runOnlyForDeploymentPostprocessing = 0;
			shellPath = /bin/sh;
			shellScript = "\"${SRCROOT}/Pods/Target Support Files/Pods-ZXWFreezedScrollViewTests/Pods-ZXWFreezedScrollViewTests-resources.sh\"\n";
			showEnvVarsInLog = 0;
		};
/* End PBXShellScriptBuildPhase section */

/* Begin PBXSourcesBuildPhase section */
		EB19E4421DD4134A00817518 /* Sources */ = {
			isa = PBXSourcesBuildPhase;
			buildActionMask = 2147483647;
			files = (
				EB19E4511DD4134A00817518 /* ViewController.m in Sources */,
				EB19E47E1DD4137E00817518 /* ZXWScrollView.m in Sources */,
				EB19E4841DD452CA00817518 /* IgnoreHeaderTableView.m in Sources */,
				EB19E4811DD4145800817518 /* ZXWFreezedScrollView.m in Sources */,
				EB19E44E1DD4134A00817518 /* AppDelegate.m in Sources */,
				EB19E44B1DD4134A00817518 /* main.m in Sources */,
			);
			runOnlyForDeploymentPostprocessing = 0;
		};
		EB19E45B1DD4134A00817518 /* Sources */ = {
			isa = PBXSourcesBuildPhase;
			buildActionMask = 2147483647;
			files = (
				EB19E4641DD4134A00817518 /* ZXWFreezedScrollViewTests.m in Sources */,
			);
			runOnlyForDeploymentPostprocessing = 0;
		};
		EB19E4661DD4134A00817518 /* Sources */ = {
			isa = PBXSourcesBuildPhase;
			buildActionMask = 2147483647;
			files = (
				EB19E46F1DD4134A00817518 /* ZXWFreezedScrollViewUITests.m in Sources */,
			);
			runOnlyForDeploymentPostprocessing = 0;
		};
/* End PBXSourcesBuildPhase section */

/* Begin PBXTargetDependency section */
		EB19E4611DD4134A00817518 /* PBXTargetDependency */ = {
			isa = PBXTargetDependency;
			target = EB19E4451DD4134A00817518 /* ZXWFreezedScrollView */;
			targetProxy = EB19E4601DD4134A00817518 /* PBXContainerItemProxy */;
		};
		EB19E46C1DD4134A00817518 /* PBXTargetDependency */ = {
			isa = PBXTargetDependency;
			target = EB19E4451DD4134A00817518 /* ZXWFreezedScrollView */;
			targetProxy = EB19E46B1DD4134A00817518 /* PBXContainerItemProxy */;
		};
/* End PBXTargetDependency section */

/* Begin PBXVariantGroup section */
		EB19E4521DD4134A00817518 /* Main.storyboard */ = {
			isa = PBXVariantGroup;
			children = (
				EB19E4531DD4134A00817518 /* Base */,
			);
			name = Main.storyboard;
			sourceTree = "<group>";
		};
		EB19E4571DD4134A00817518 /* LaunchScreen.storyboard */ = {
			isa = PBXVariantGroup;
			children = (
				EB19E4581DD4134A00817518 /* Base */,
			);
			name = LaunchScreen.storyboard;
			sourceTree = "<group>";
		};
/* End PBXVariantGroup section */

/* Begin XCBuildConfiguration section */
		EB19E4711DD4134A00817518 /* Debug */ = {
			isa = XCBuildConfiguration;
			buildSettings = {
				ALWAYS_SEARCH_USER_PATHS = NO;
				CLANG_ANALYZER_NONNULL = YES;
				CLANG_CXX_LANGUAGE_STANDARD = "gnu++0x";
				CLANG_CXX_LIBRARY = "libc++";
				CLANG_ENABLE_MODULES = YES;
				CLANG_ENABLE_OBJC_ARC = YES;
				CLANG_WARN_BOOL_CONVERSION = YES;
				CLANG_WARN_CONSTANT_CONVERSION = YES;
				CLANG_WARN_DIRECT_OBJC_ISA_USAGE = YES_ERROR;
				CLANG_WARN_DOCUMENTATION_COMMENTS = YES;
				CLANG_WARN_EMPTY_BODY = YES;
				CLANG_WARN_ENUM_CONVERSION = YES;
				CLANG_WARN_INFINITE_RECURSION = YES;
				CLANG_WARN_INT_CONVERSION = YES;
				CLANG_WARN_OBJC_ROOT_CLASS = YES_ERROR;
				CLANG_WARN_SUSPICIOUS_MOVES = YES;
				CLANG_WARN_UNREACHABLE_CODE = YES;
				CLANG_WARN__DUPLICATE_METHOD_MATCH = YES;
				"CODE_SIGN_IDENTITY[sdk=iphoneos*]" = "iPhone Developer";
				COPY_PHASE_STRIP = NO;
				DEBUG_INFORMATION_FORMAT = dwarf;
				ENABLE_STRICT_OBJC_MSGSEND = YES;
				ENABLE_TESTABILITY = YES;
				GCC_C_LANGUAGE_STANDARD = gnu99;
				GCC_DYNAMIC_NO_PIC = NO;
				GCC_NO_COMMON_BLOCKS = YES;
				GCC_OPTIMIZATION_LEVEL = 0;
				GCC_PREPROCESSOR_DEFINITIONS = (
					"DEBUG=1",
					"$(inherited)",
				);
				GCC_WARN_64_TO_32_BIT_CONVERSION = YES;
				GCC_WARN_ABOUT_RETURN_TYPE = YES_ERROR;
				GCC_WARN_UNDECLARED_SELECTOR = YES;
				GCC_WARN_UNINITIALIZED_AUTOS = YES_AGGRESSIVE;
				GCC_WARN_UNUSED_FUNCTION = YES;
				GCC_WARN_UNUSED_VARIABLE = YES;
				IPHONEOS_DEPLOYMENT_TARGET = 10.1;
				MTL_ENABLE_DEBUG_INFO = YES;
				ONLY_ACTIVE_ARCH = YES;
				SDKROOT = iphoneos;
				TARGETED_DEVICE_FAMILY = "1,2";
			};
			name = Debug;
		};
		EB19E4721DD4134A00817518 /* Release */ = {
			isa = XCBuildConfiguration;
			buildSettings = {
				ALWAYS_SEARCH_USER_PATHS = NO;
				CLANG_ANALYZER_NONNULL = YES;
				CLANG_CXX_LANGUAGE_STANDARD = "gnu++0x";
				CLANG_CXX_LIBRARY = "libc++";
				CLANG_ENABLE_MODULES = YES;
				CLANG_ENABLE_OBJC_ARC = YES;
				CLANG_WARN_BOOL_CONVERSION = YES;
				CLANG_WARN_CONSTANT_CONVERSION = YES;
				CLANG_WARN_DIRECT_OBJC_ISA_USAGE = YES_ERROR;
				CLANG_WARN_DOCUMENTATION_COMMENTS = YES;
				CLANG_WARN_EMPTY_BODY = YES;
				CLANG_WARN_ENUM_CONVERSION = YES;
				CLANG_WARN_INFINITE_RECURSION = YES;
				CLANG_WARN_INT_CONVERSION = YES;
				CLANG_WARN_OBJC_ROOT_CLASS = YES_ERROR;
				CLANG_WARN_SUSPICIOUS_MOVES = YES;
				CLANG_WARN_UNREACHABLE_CODE = YES;
				CLANG_WARN__DUPLICATE_METHOD_MATCH = YES;
				"CODE_SIGN_IDENTITY[sdk=iphoneos*]" = "iPhone Developer";
				COPY_PHASE_STRIP = NO;
				DEBUG_INFORMATION_FORMAT = "dwarf-with-dsym";
				ENABLE_NS_ASSERTIONS = NO;
				ENABLE_STRICT_OBJC_MSGSEND = YES;
				GCC_C_LANGUAGE_STANDARD = gnu99;
				GCC_NO_COMMON_BLOCKS = YES;
				GCC_WARN_64_TO_32_BIT_CONVERSION = YES;
				GCC_WARN_ABOUT_RETURN_TYPE = YES_ERROR;
				GCC_WARN_UNDECLARED_SELECTOR = YES;
				GCC_WARN_UNINITIALIZED_AUTOS = YES_AGGRESSIVE;
				GCC_WARN_UNUSED_FUNCTION = YES;
				GCC_WARN_UNUSED_VARIABLE = YES;
				IPHONEOS_DEPLOYMENT_TARGET = 10.1;
				MTL_ENABLE_DEBUG_INFO = NO;
				SDKROOT = iphoneos;
				TARGETED_DEVICE_FAMILY = "1,2";
				VALIDATE_PRODUCT = YES;
			};
			name = Release;
		};
		EB19E4741DD4134A00817518 /* Debug */ = {
			isa = XCBuildConfiguration;
			baseConfigurationReference = 39388EE644D5A517DF6AADF3 /* Pods-ZXWFreezedScrollView.debug.xcconfig */;
			buildSettings = {
				ASSETCATALOG_COMPILER_APPICON_NAME = AppIcon;
				DEVELOPMENT_TEAM = ZC726AK722;
				INFOPLIST_FILE = ZXWFreezedScrollView/Info.plist;
				LD_RUNPATH_SEARCH_PATHS = "$(inherited) @executable_path/Frameworks";
				PRODUCT_BUNDLE_IDENTIFIER = com.kevin.tools.ZXWFreezedScrollView;
				PRODUCT_NAME = "$(TARGET_NAME)";
			};
			name = Debug;
		};
		EB19E4751DD4134A00817518 /* Release */ = {
			isa = XCBuildConfiguration;
			baseConfigurationReference = 07631656D6FA02859D8BB44F /* Pods-ZXWFreezedScrollView.release.xcconfig */;
			buildSettings = {
				ASSETCATALOG_COMPILER_APPICON_NAME = AppIcon;
				DEVELOPMENT_TEAM = ZC726AK722;
				INFOPLIST_FILE = ZXWFreezedScrollView/Info.plist;
				LD_RUNPATH_SEARCH_PATHS = "$(inherited) @executable_path/Frameworks";
				PRODUCT_BUNDLE_IDENTIFIER = com.kevin.tools.ZXWFreezedScrollView;
				PRODUCT_NAME = "$(TARGET_NAME)";
			};
			name = Release;
		};
		EB19E4771DD4134A00817518 /* Debug */ = {
			isa = XCBuildConfiguration;
			baseConfigurationReference = AE6179DAD6F62FED74DD250B /* Pods-ZXWFreezedScrollViewTests.debug.xcconfig */;
			buildSettings = {
				BUNDLE_LOADER = "$(TEST_HOST)";
				INFOPLIST_FILE = ZXWFreezedScrollViewTests/Info.plist;
				LD_RUNPATH_SEARCH_PATHS = "$(inherited) @executable_path/Frameworks @loader_path/Frameworks";
				PRODUCT_BUNDLE_IDENTIFIER = com.kevin.tools.ZXWFreezedScrollViewTests;
				PRODUCT_NAME = "$(TARGET_NAME)";
				TEST_HOST = "$(BUILT_PRODUCTS_DIR)/ZXWFreezedScrollView.app/ZXWFreezedScrollView";
			};
			name = Debug;
		};
		EB19E4781DD4134A00817518 /* Release */ = {
			isa = XCBuildConfiguration;
			baseConfigurationReference = C4EF51E33B7F7870AC3A6936 /* Pods-ZXWFreezedScrollViewTests.release.xcconfig */;
			buildSettings = {
				BUNDLE_LOADER = "$(TEST_HOST)";
				INFOPLIST_FILE = ZXWFreezedScrollViewTests/Info.plist;
				LD_RUNPATH_SEARCH_PATHS = "$(inherited) @executable_path/Frameworks @loader_path/Frameworks";
				PRODUCT_BUNDLE_IDENTIFIER = com.kevin.tools.ZXWFreezedScrollViewTests;
				PRODUCT_NAME = "$(TARGET_NAME)";
				TEST_HOST = "$(BUILT_PRODUCTS_DIR)/ZXWFreezedScrollView.app/ZXWFreezedScrollView";
			};
			name = Release;
		};
		EB19E47A1DD4134A00817518 /* Debug */ = {
			isa = XCBuildConfiguration;
			baseConfigurationReference = DFB8E9B8B2296F35A228C4A3 /* Pods-ZXWFreezedScrollViewUITests.debug.xcconfig */;
			buildSettings = {
				INFOPLIST_FILE = ZXWFreezedScrollViewUITests/Info.plist;
				LD_RUNPATH_SEARCH_PATHS = "$(inherited) @executable_path/Frameworks @loader_path/Frameworks";
				PRODUCT_BUNDLE_IDENTIFIER = com.kevin.tools.ZXWFreezedScrollViewUITests;
				PRODUCT_NAME = "$(TARGET_NAME)";
				TEST_TARGET_NAME = ZXWFreezedScrollView;
			};
			name = Debug;
		};
		EB19E47B1DD4134A00817518 /* Release */ = {
			isa = XCBuildConfiguration;
			baseConfigurationReference = 91D30693E7ED524057B97D79 /* Pods-ZXWFreezedScrollViewUITests.release.xcconfig */;
			buildSettings = {
				INFOPLIST_FILE = ZXWFreezedScrollViewUITests/Info.plist;
				LD_RUNPATH_SEARCH_PATHS = "$(inherited) @executable_path/Frameworks @loader_path/Frameworks";
				PRODUCT_BUNDLE_IDENTIFIER = com.kevin.tools.ZXWFreezedScrollViewUITests;
				PRODUCT_NAME = "$(TARGET_NAME)";
				TEST_TARGET_NAME = ZXWFreezedScrollView;
			};
			name = Release;
		};
/* End XCBuildConfiguration section */

/* Begin XCConfigurationList section */
		EB19E4411DD4134A00817518 /* Build configuration list for PBXProject "ZXWFreezedScrollView" */ = {
			isa = XCConfigurationList;
			buildConfigurations = (
				EB19E4711DD4134A00817518 /* Debug */,
				EB19E4721DD4134A00817518 /* Release */,
			);
			defaultConfigurationIsVisible = 0;
			defaultConfigurationName = Release;
		};
		EB19E4731DD4134A00817518 /* Build configuration list for PBXNativeTarget "ZXWFreezedScrollView" */ = {
			isa = XCConfigurationList;
			buildConfigurations = (
				EB19E4741DD4134A00817518 /* Debug */,
				EB19E4751DD4134A00817518 /* Release */,
			);
			defaultConfigurationIsVisible = 0;
			defaultConfigurationName = Release;
		};
		EB19E4761DD4134A00817518 /* Build configuration list for PBXNativeTarget "ZXWFreezedScrollViewTests" */ = {
			isa = XCConfigurationList;
			buildConfigurations = (
				EB19E4771DD4134A00817518 /* Debug */,
				EB19E4781DD4134A00817518 /* Release */,
			);
			defaultConfigurationIsVisible = 0;
			defaultConfigurationName = Release;
		};
		EB19E4791DD4134A00817518 /* Build configuration list for PBXNativeTarget "ZXWFreezedScrollViewUITests" */ = {
			isa = XCConfigurationList;
			buildConfigurations = (
				EB19E47A1DD4134A00817518 /* Debug */,
				EB19E47B1DD4134A00817518 /* Release */,
			);
			defaultConfigurationIsVisible = 0;
			defaultConfigurationName = Release;
		};
/* End XCConfigurationList section */
	};
	rootObject = EB19E43E1DD4134A00817518 /* Project object */;
}
